// !$*UTF8*$!
{
	archiveVersion = 1;
	classes = {
	};
	objectVersion = 50;
	objects = {

/* Begin PBXBuildFile section */
		A42F74C52637AC33003E5AB9 /* ECEnabler.hpp in Headers */ = {isa = PBXBuildFile; fileRef = A42F74C42637AC33003E5AB9 /* ECEnabler.hpp */; };
		A42F74C72637AC33003E5AB9 /* ECEnabler.cpp in Sources */ = {isa = PBXBuildFile; fileRef = A42F74C62637AC33003E5AB9 /* ECEnabler.cpp */; };
		A42F74CF2637AE7A003E5AB9 /* ECEStart.cpp in Sources */ = {isa = PBXBuildFile; fileRef = A42F74CE2637AE7A003E5AB9 /* ECEStart.cpp */; };
		A42F74DE2637B0F0003E5AB9 /* kern_mach.hpp in Headers */ = {isa = PBXBuildFile; fileRef = A42F74D42637B0F0003E5AB9 /* kern_mach.hpp */; };
		A42F74DF2637B0F0003E5AB9 /* plugin_start.hpp in Headers */ = {isa = PBXBuildFile; fileRef = A42F74D52637B0F0003E5AB9 /* plugin_start.hpp */; };
		A42F74E02637B0F0003E5AB9 /* kern_file.hpp in Headers */ = {isa = PBXBuildFile; fileRef = A42F74D62637B0F0003E5AB9 /* kern_file.hpp */; };
		A42F74E12637B0F0003E5AB9 /* kern_compression.hpp in Headers */ = {isa = PBXBuildFile; fileRef = A42F74D72637B0F0003E5AB9 /* kern_compression.hpp */; };
		A42F74E22637B0F0003E5AB9 /* kern_util.hpp in Headers */ = {isa = PBXBuildFile; fileRef = A42F74D82637B0F0003E5AB9 /* kern_util.hpp */; };
		A42F74E32637B0F0003E5AB9 /* kern_iokit.hpp in Headers */ = {isa = PBXBuildFile; fileRef = A42F74D92637B0F0003E5AB9 /* kern_iokit.hpp */; };
		A42F74E42637B0F0003E5AB9 /* kern_disasm.hpp in Headers */ = {isa = PBXBuildFile; fileRef = A42F74DA2637B0F0003E5AB9 /* kern_disasm.hpp */; };
		A42F74E52637B0F0003E5AB9 /* kern_config.hpp in Headers */ = {isa = PBXBuildFile; fileRef = A42F74DB2637B0F0003E5AB9 /* kern_config.hpp */; };
		A42F74E62637B0F0003E5AB9 /* kern_api.hpp in Headers */ = {isa = PBXBuildFile; fileRef = A42F74DC2637B0F0003E5AB9 /* kern_api.hpp */; };
		A42F74E72637B0F0003E5AB9 /* kern_patcher.hpp in Headers */ = {isa = PBXBuildFile; fileRef = A42F74DD2637B0F0003E5AB9 /* kern_patcher.hpp */; };
		A42F74E92637B142003E5AB9 /* plugin_start.cpp in Sources */ = {isa = PBXBuildFile; fileRef = A42F74E82637B142003E5AB9 /* plugin_start.cpp */; };
		A42F74ED2637B2C5003E5AB9 /* libkmod.a in Frameworks */ = {isa = PBXBuildFile; fileRef = A42F74EC2637B2C5003E5AB9 /* libkmod.a */; };
/* End PBXBuildFile section */

/* Begin PBXFileReference section */
		A42F74C12637AC33003E5AB9 /* ECEnabler.kext */ = {isa = PBXFileReference; explicitFileType = wrapper.cfbundle; includeInIndex = 0; path = ECEnabler.kext; sourceTree = BUILT_PRODUCTS_DIR; };
		A42F74C42637AC33003E5AB9 /* ECEnabler.hpp */ = {isa = PBXFileReference; lastKnownFileType = sourcecode.cpp.h; path = ECEnabler.hpp; sourceTree = "<group>"; };
		A42F74C62637AC33003E5AB9 /* ECEnabler.cpp */ = {isa = PBXFileReference; lastKnownFileType = sourcecode.cpp.cpp; path = ECEnabler.cpp; sourceTree = "<group>"; };
		A42F74C82637AC33003E5AB9 /* Info.plist */ = {isa = PBXFileReference; lastKnownFileType = text.plist.xml; path = Info.plist; sourceTree = "<group>"; };
		A42F74CE2637AE7A003E5AB9 /* ECEStart.cpp */ = {isa = PBXFileReference; lastKnownFileType = sourcecode.cpp.cpp; path = ECEStart.cpp; sourceTree = "<group>"; };
		A42F74D42637B0F0003E5AB9 /* kern_mach.hpp */ = {isa = PBXFileReference; fileEncoding = 4; lastKnownFileType = sourcecode.cpp.h; path = kern_mach.hpp; sourceTree = "<group>"; };
		A42F74D52637B0F0003E5AB9 /* plugin_start.hpp */ = {isa = PBXFileReference; fileEncoding = 4; lastKnownFileType = sourcecode.cpp.h; path = plugin_start.hpp; sourceTree = "<group>"; };
		A42F74D62637B0F0003E5AB9 /* kern_file.hpp */ = {isa = PBXFileReference; fileEncoding = 4; lastKnownFileType = sourcecode.cpp.h; path = kern_file.hpp; sourceTree = "<group>"; };
		A42F74D72637B0F0003E5AB9 /* kern_compression.hpp */ = {isa = PBXFileReference; fileEncoding = 4; lastKnownFileType = sourcecode.cpp.h; path = kern_compression.hpp; sourceTree = "<group>"; };
		A42F74D82637B0F0003E5AB9 /* kern_util.hpp */ = {isa = PBXFileReference; fileEncoding = 4; lastKnownFileType = sourcecode.cpp.h; path = kern_util.hpp; sourceTree = "<group>"; };
		A42F74D92637B0F0003E5AB9 /* kern_iokit.hpp */ = {isa = PBXFileReference; fileEncoding = 4; lastKnownFileType = sourcecode.cpp.h; path = kern_iokit.hpp; sourceTree = "<group>"; };
		A42F74DA2637B0F0003E5AB9 /* kern_disasm.hpp */ = {isa = PBXFileReference; fileEncoding = 4; lastKnownFileType = sourcecode.cpp.h; path = kern_disasm.hpp; sourceTree = "<group>"; };
		A42F74DB2637B0F0003E5AB9 /* kern_config.hpp */ = {isa = PBXFileReference; fileEncoding = 4; lastKnownFileType = sourcecode.cpp.h; path = kern_config.hpp; sourceTree = "<group>"; };
		A42F74DC2637B0F0003E5AB9 /* kern_api.hpp */ = {isa = PBXFileReference; fileEncoding = 4; lastKnownFileType = sourcecode.cpp.h; path = kern_api.hpp; sourceTree = "<group>"; };
		A42F74DD2637B0F0003E5AB9 /* kern_patcher.hpp */ = {isa = PBXFileReference; fileEncoding = 4; lastKnownFileType = sourcecode.cpp.h; path = kern_patcher.hpp; sourceTree = "<group>"; };
		A42F74E82637B142003E5AB9 /* plugin_start.cpp */ = {isa = PBXFileReference; fileEncoding = 4; lastKnownFileType = sourcecode.cpp.cpp; path = plugin_start.cpp; sourceTree = "<group>"; };
		A42F74EC2637B2C5003E5AB9 /* libkmod.a */ = {isa = PBXFileReference; lastKnownFileType = archive.ar; name = libkmod.a; path = usr/lib/libkmod.a; sourceTree = SDKROOT; };
/* End PBXFileReference section */

/* Begin PBXFrameworksBuildPhase section */
		A42F74BE2637AC33003E5AB9 /* Frameworks */ = {
			isa = PBXFrameworksBuildPhase;
			buildActionMask = 2147483647;
			files = (
				A42F74ED2637B2C5003E5AB9 /* libkmod.a in Frameworks */,
			);
			runOnlyForDeploymentPostprocessing = 0;
		};
/* End PBXFrameworksBuildPhase section */

/* Begin PBXGroup section */
		A42F74B72637AC33003E5AB9 = {
			isa = PBXGroup;
			children = (
				A42F74EA2637B151003E5AB9 /* Library */,
				A42F74D02637AF96003E5AB9 /* Headers */,
				A42F74C32637AC33003E5AB9 /* ECEnabler */,
				A42F74C22637AC33003E5AB9 /* Products */,
				A42F74EB2637B2C5003E5AB9 /* Frameworks */,
			);
			sourceTree = "<group>";
		};
		A42F74C22637AC33003E5AB9 /* Products */ = {
			isa = PBXGroup;
			children = (
				A42F74C12637AC33003E5AB9 /* ECEnabler.kext */,
			);
			name = Products;
			sourceTree = "<group>";
		};
		A42F74C32637AC33003E5AB9 /* ECEnabler */ = {
			isa = PBXGroup;
			children = (
				A42F74C42637AC33003E5AB9 /* ECEnabler.hpp */,
				A42F74C62637AC33003E5AB9 /* ECEnabler.cpp */,
				A42F74CE2637AE7A003E5AB9 /* ECEStart.cpp */,
				A42F74C82637AC33003E5AB9 /* Info.plist */,
			);
			path = ECEnabler;
			sourceTree = "<group>";
		};
		A42F74D02637AF96003E5AB9 /* Headers */ = {
			isa = PBXGroup;
			children = (
				A42F74DC2637B0F0003E5AB9 /* kern_api.hpp */,
				A42F74D72637B0F0003E5AB9 /* kern_compression.hpp */,
				A42F74DB2637B0F0003E5AB9 /* kern_config.hpp */,
				A42F74DA2637B0F0003E5AB9 /* kern_disasm.hpp */,
				A42F74D62637B0F0003E5AB9 /* kern_file.hpp */,
				A42F74D92637B0F0003E5AB9 /* kern_iokit.hpp */,
				A42F74D42637B0F0003E5AB9 /* kern_mach.hpp */,
				A42F74DD2637B0F0003E5AB9 /* kern_patcher.hpp */,
				A42F74D82637B0F0003E5AB9 /* kern_util.hpp */,
				A42F74D52637B0F0003E5AB9 /* plugin_start.hpp */,
			);
			name = Headers;
			path = Lilu.kext/Contents/Resources/Headers;
			sourceTree = SOURCE_ROOT;
		};
		A42F74EA2637B151003E5AB9 /* Library */ = {
			isa = PBXGroup;
			children = (
				A42F74E82637B142003E5AB9 /* plugin_start.cpp */,
			);
			name = Library;
			path = Lilu.kext/Contents/Resources/Library;
			sourceTree = SOURCE_ROOT;
		};
		A42F74EB2637B2C5003E5AB9 /* Frameworks */ = {
			isa = PBXGroup;
			children = (
				A42F74EC2637B2C5003E5AB9 /* libkmod.a */,
			);
			name = Frameworks;
			sourceTree = "<group>";
		};
/* End PBXGroup section */

/* Begin PBXHeadersBuildPhase section */
		A42F74BC2637AC33003E5AB9 /* Headers */ = {
			isa = PBXHeadersBuildPhase;
			buildActionMask = 2147483647;
			files = (
				A42F74E12637B0F0003E5AB9 /* kern_compression.hpp in Headers */,
				A42F74DF2637B0F0003E5AB9 /* plugin_start.hpp in Headers */,
				A42F74C52637AC33003E5AB9 /* ECEnabler.hpp in Headers */,
				A42F74E72637B0F0003E5AB9 /* kern_patcher.hpp in Headers */,
				A42F74E62637B0F0003E5AB9 /* kern_api.hpp in Headers */,
				A42F74E02637B0F0003E5AB9 /* kern_file.hpp in Headers */,
				A42F74E22637B0F0003E5AB9 /* kern_util.hpp in Headers */,
				A42F74E42637B0F0003E5AB9 /* kern_disasm.hpp in Headers */,
				A42F74DE2637B0F0003E5AB9 /* kern_mach.hpp in Headers */,
				A42F74E32637B0F0003E5AB9 /* kern_iokit.hpp in Headers */,
				A42F74E52637B0F0003E5AB9 /* kern_config.hpp in Headers */,
			);
			runOnlyForDeploymentPostprocessing = 0;
		};
/* End PBXHeadersBuildPhase section */

/* Begin PBXNativeTarget section */
		A42F74C02637AC33003E5AB9 /* ECEnabler */ = {
			isa = PBXNativeTarget;
			buildConfigurationList = A42F74CB2637AC33003E5AB9 /* Build configuration list for PBXNativeTarget "ECEnabler" */;
			buildPhases = (
				A42F74BC2637AC33003E5AB9 /* Headers */,
				A42F74BD2637AC33003E5AB9 /* Sources */,
				A42F74BE2637AC33003E5AB9 /* Frameworks */,
				A48BEA76263C5D3D0065863B /* Archive */,
			);
			buildRules = (
			);
			dependencies = (
			);
			name = ECEnabler;
			productName = ECEnabler;
			productReference = A42F74C12637AC33003E5AB9 /* ECEnabler.kext */;
			productType = "com.apple.product-type.kernel-extension";
		};
/* End PBXNativeTarget section */

/* Begin PBXProject section */
		A42F74B82637AC33003E5AB9 /* Project object */ = {
			isa = PBXProject;
			attributes = {
				LastUpgradeCheck = 1250;
				TargetAttributes = {
					A42F74C02637AC33003E5AB9 = {
						CreatedOnToolsVersion = 12.5;
					};
				};
			};
			buildConfigurationList = A42F74BB2637AC33003E5AB9 /* Build configuration list for PBXProject "ECEnabler" */;
			compatibilityVersion = "Xcode 9.3";
			developmentRegion = en;
			hasScannedForEncodings = 0;
			knownRegions = (
				en,
				Base,
			);
			mainGroup = A42F74B72637AC33003E5AB9;
			productRefGroup = A42F74C22637AC33003E5AB9 /* Products */;
			projectDirPath = "";
			projectRoot = "";
			targets = (
				A42F74C02637AC33003E5AB9 /* ECEnabler */,
			);
		};
/* End PBXProject section */

/* Begin PBXShellScriptBuildPhase section */
		A48BEA76263C5D3D0065863B /* Archive */ = {
			isa = PBXShellScriptBuildPhase;
			buildActionMask = 2147483647;
			files = (
			);
			inputFileListPaths = (
			);
			inputPaths = (
			);
			name = Archive;
			outputFileListPaths = (
			);
			outputPaths = (
			);
			runOnlyForDeploymentPostprocessing = 0;
			shellPath = /bin/sh;
			shellScript = "cd \"${TARGET_BUILD_DIR}\"\n\ndist=(\"$FULL_PRODUCT_NAME\")\nif [ -d \"$DWARF_DSYM_FILE_NAME\" ]; then dist+=(\"$DWARF_DSYM_FILE_NAME\"); fi\n\narchive=\"${PRODUCT_NAME}-${MODULE_VERSION}-$(echo $CONFIGURATION | tr /a-z/ /A-Z/).zip\"\nrm -rf *.zip\nif [ \"$CONFIGURATION\" == \"Release\" ]; then\n  strip -x -T \"${EXECUTABLE_PATH}\" &>/dev/null || strip -x \"${EXECUTABLE_PATH}\"\nfi\nzip -qry -FS \"${archive}\" \"${dist[@]}\"\n";
		};
/* End PBXShellScriptBuildPhase section */

/* Begin PBXSourcesBuildPhase section */
		A42F74BD2637AC33003E5AB9 /* Sources */ = {
			isa = PBXSourcesBuildPhase;
			buildActionMask = 2147483647;
			files = (
				A42F74CF2637AE7A003E5AB9 /* ECEStart.cpp in Sources */,
				A42F74C72637AC33003E5AB9 /* ECEnabler.cpp in Sources */,
				A42F74E92637B142003E5AB9 /* plugin_start.cpp in Sources */,
			);
			runOnlyForDeploymentPostprocessing = 0;
		};
/* End PBXSourcesBuildPhase section */

/* Begin XCBuildConfiguration section */
		A42F74C92637AC33003E5AB9 /* Debug */ = {
			isa = XCBuildConfiguration;
			buildSettings = {
				ALWAYS_SEARCH_USER_PATHS = NO;
				ARCHS = x86_64;
				CLANG_ANALYZER_NONNULL = YES;
				CLANG_ANALYZER_NUMBER_OBJECT_CONVERSION = YES_AGGRESSIVE;
				CLANG_CXX_LANGUAGE_STANDARD = "gnu++14";
				CLANG_CXX_LIBRARY = "libc++";
				CLANG_ENABLE_MODULES = YES;
				CLANG_ENABLE_OBJC_ARC = YES;
				CLANG_ENABLE_OBJC_WEAK = YES;
				CLANG_WARN_BLOCK_CAPTURE_AUTORELEASING = YES;
				CLANG_WARN_BOOL_CONVERSION = YES;
				CLANG_WARN_COMMA = YES;
				CLANG_WARN_CONSTANT_CONVERSION = YES;
				CLANG_WARN_DEPRECATED_OBJC_IMPLEMENTATIONS = YES;
				CLANG_WARN_DIRECT_OBJC_ISA_USAGE = YES_ERROR;
				CLANG_WARN_DOCUMENTATION_COMMENTS = YES;
				CLANG_WARN_EMPTY_BODY = YES;
				CLANG_WARN_ENUM_CONVERSION = YES;
				CLANG_WARN_INFINITE_RECURSION = YES;
				CLANG_WARN_INT_CONVERSION = YES;
				CLANG_WARN_NON_LITERAL_NULL_CONVERSION = YES;
				CLANG_WARN_OBJC_IMPLICIT_RETAIN_SELF = YES;
				CLANG_WARN_OBJC_LITERAL_CONVERSION = YES;
				CLANG_WARN_OBJC_ROOT_CLASS = YES_ERROR;
				CLANG_WARN_QUOTED_INCLUDE_IN_FRAMEWORK_HEADER = YES;
				CLANG_WARN_RANGE_LOOP_ANALYSIS = YES;
				CLANG_WARN_STRICT_PROTOTYPES = YES;
				CLANG_WARN_SUSPICIOUS_MOVE = YES;
				CLANG_WARN_UNGUARDED_AVAILABILITY = YES_AGGRESSIVE;
				CLANG_WARN_UNREACHABLE_CODE = YES;
				CLANG_WARN__DUPLICATE_METHOD_MATCH = YES;
				COPY_PHASE_STRIP = NO;
				DEBUG_INFORMATION_FORMAT = dwarf;
				ENABLE_STRICT_OBJC_MSGSEND = YES;
				ENABLE_TESTABILITY = YES;
				GCC_C_LANGUAGE_STANDARD = gnu11;
				GCC_DYNAMIC_NO_PIC = NO;
				GCC_NO_COMMON_BLOCKS = YES;
				GCC_OPTIMIZATION_LEVEL = 0;
				GCC_PREPROCESSOR_DEFINITIONS = (
					"PRODUCT_NAME=$(PRODUCT_NAME)",
					"DEBUG=1",
				);
				GCC_WARN_64_TO_32_BIT_CONVERSION = YES;
				GCC_WARN_ABOUT_RETURN_TYPE = YES_ERROR;
				GCC_WARN_UNDECLARED_SELECTOR = YES;
				GCC_WARN_UNINITIALIZED_AUTOS = YES_AGGRESSIVE;
				GCC_WARN_UNUSED_FUNCTION = YES;
				GCC_WARN_UNUSED_VARIABLE = YES;
				HEADER_SEARCH_PATHS = "${PROJECT_DIR}/Lilu.kext/Contents/Resources";
				KERNEL_EXTENSION_HEADER_SEARCH_PATHS = "$(PROJECT_DIR)/MacKernelSDK/Headers";
				KERNEL_FRAMEWORK_HEADERS = "$(PROJECT_DIR)/MacKernelSDK/Headers";
				LIBRARY_SEARCH_PATHS = "$(PROJECT_DIR)/MacKernelSDK/Library/x86_64";
				MACOSX_DEPLOYMENT_TARGET = 11.3;
				MTL_ENABLE_DEBUG_INFO = INCLUDE_SOURCE;
				MTL_FAST_MATH = YES;
				ONLY_ACTIVE_ARCH = YES;
				SDKROOT = macosx;
			};
			name = Debug;
		};
		A42F74CA2637AC33003E5AB9 /* Release */ = {
			isa = XCBuildConfiguration;
			buildSettings = {
				ALWAYS_SEARCH_USER_PATHS = NO;
				ARCHS = x86_64;
				CLANG_ANALYZER_NONNULL = YES;
				CLANG_ANALYZER_NUMBER_OBJECT_CONVERSION = YES_AGGRESSIVE;
				CLANG_CXX_LANGUAGE_STANDARD = "gnu++14";
				CLANG_CXX_LIBRARY = "libc++";
				CLANG_ENABLE_MODULES = YES;
				CLANG_ENABLE_OBJC_ARC = YES;
				CLANG_ENABLE_OBJC_WEAK = YES;
				CLANG_WARN_BLOCK_CAPTURE_AUTORELEASING = YES;
				CLANG_WARN_BOOL_CONVERSION = YES;
				CLANG_WARN_COMMA = YES;
				CLANG_WARN_CONSTANT_CONVERSION = YES;
				CLANG_WARN_DEPRECATED_OBJC_IMPLEMENTATIONS = YES;
				CLANG_WARN_DIRECT_OBJC_ISA_USAGE = YES_ERROR;
				CLANG_WARN_DOCUMENTATION_COMMENTS = YES;
				CLANG_WARN_EMPTY_BODY = YES;
				CLANG_WARN_ENUM_CONVERSION = YES;
				CLANG_WARN_INFINITE_RECURSION = YES;
				CLANG_WARN_INT_CONVERSION = YES;
				CLANG_WARN_NON_LITERAL_NULL_CONVERSION = YES;
				CLANG_WARN_OBJC_IMPLICIT_RETAIN_SELF = YES;
				CLANG_WARN_OBJC_LITERAL_CONVERSION = YES;
				CLANG_WARN_OBJC_ROOT_CLASS = YES_ERROR;
				CLANG_WARN_QUOTED_INCLUDE_IN_FRAMEWORK_HEADER = YES;
				CLANG_WARN_RANGE_LOOP_ANALYSIS = YES;
				CLANG_WARN_STRICT_PROTOTYPES = YES;
				CLANG_WARN_SUSPICIOUS_MOVE = YES;
				CLANG_WARN_UNGUARDED_AVAILABILITY = YES_AGGRESSIVE;
				CLANG_WARN_UNREACHABLE_CODE = YES;
				CLANG_WARN__DUPLICATE_METHOD_MATCH = YES;
				COPY_PHASE_STRIP = NO;
				DEBUG_INFORMATION_FORMAT = "dwarf-with-dsym";
				ENABLE_NS_ASSERTIONS = NO;
				ENABLE_STRICT_OBJC_MSGSEND = YES;
				GCC_C_LANGUAGE_STANDARD = gnu11;
				GCC_NO_COMMON_BLOCKS = YES;
				GCC_PREPROCESSOR_DEFINITIONS = "PRODUCT_NAME=$(PRODUCT_NAME)";
				GCC_WARN_64_TO_32_BIT_CONVERSION = YES;
				GCC_WARN_ABOUT_RETURN_TYPE = YES_ERROR;
				GCC_WARN_UNDECLARED_SELECTOR = YES;
				GCC_WARN_UNINITIALIZED_AUTOS = YES_AGGRESSIVE;
				GCC_WARN_UNUSED_FUNCTION = YES;
				GCC_WARN_UNUSED_VARIABLE = YES;
				HEADER_SEARCH_PATHS = "${PROJECT_DIR}/Lilu.kext/Contents/Resources";
				KERNEL_EXTENSION_HEADER_SEARCH_PATHS = "$(PROJECT_DIR)/MacKernelSDK/Headers";
				KERNEL_FRAMEWORK_HEADERS = "$(PROJECT_DIR)/MacKernelSDK/Headers";
				LIBRARY_SEARCH_PATHS = "$(PROJECT_DIR)/MacKernelSDK/Library/x86_64";
				MACOSX_DEPLOYMENT_TARGET = 11.3;
				MTL_ENABLE_DEBUG_INFO = NO;
				MTL_FAST_MATH = YES;
				SDKROOT = macosx;
			};
			name = Release;
		};
		A42F74CC2637AC33003E5AB9 /* Debug */ = {
			isa = XCBuildConfiguration;
			buildSettings = {
				CLANG_WARN_QUOTED_INCLUDE_IN_FRAMEWORK_HEADER = NO;
				CODE_SIGN_STYLE = Automatic;
				COMBINE_HIDPI_IMAGES = YES;
				CURRENT_PROJECT_VERSION = 1.0.0;
				INFOPLIST_FILE = ECEnabler/Info.plist;
				MACOSX_DEPLOYMENT_TARGET = 10.7;
				MODULE_NAME = com.1Revenger1.ECEnabler;
				MODULE_START = "$(PRODUCT_NAME)_kern_start";
				MODULE_STOP = "$(PRODUCT_NAME)_kern_stop";
				MODULE_VERSION = 1.0.0;
				PRODUCT_BUNDLE_IDENTIFIER = com.1Revenger1.ECEnabler;
				PRODUCT_NAME = "$(TARGET_NAME)";
				RUN_CLANG_STATIC_ANALYZER = YES;
				STRIP_STYLE = "non-global";
				WRAPPER_EXTENSION = kext;
			};
			name = Debug;
		};
		A42F74CD2637AC33003E5AB9 /* Release */ = {
			isa = XCBuildConfiguration;
			buildSettings = {
				CLANG_WARN_QUOTED_INCLUDE_IN_FRAMEWORK_HEADER = NO;
				CODE_SIGN_STYLE = Automatic;
				COMBINE_HIDPI_IMAGES = YES;
				CURRENT_PROJECT_VERSION = 1.0.0;
				GCC_PREPROCESSOR_DEFINITIONS = "PRODUCT_NAME=$(PRODUCT_NAME)";
				INFOPLIST_FILE = ECEnabler/Info.plist;
				MACOSX_DEPLOYMENT_TARGET = 10.7;
				MODULE_NAME = com.1Revenger1.ECEnabler;
				MODULE_START = "$(PRODUCT_NAME)_kern_start";
				MODULE_STOP = "$(PRODUCT_NAME)_kern_stop";
				MODULE_VERSION = 1.0.0;
				PRODUCT_BUNDLE_IDENTIFIER = com.1Revenger1.ECEnabler;
				PRODUCT_NAME = "$(TARGET_NAME)";
				RUN_CLANG_STATIC_ANALYZER = YES;
				STRIP_STYLE = "non-global";
				WRAPPER_EXTENSION = kext;
			};
			name = Release;
		};
/* End XCBuildConfiguration section */

/* Begin XCConfigurationList section */
		A42F74BB2637AC33003E5AB9 /* Build configuration list for PBXProject "ECEnabler" */ = {
			isa = XCConfigurationList;
			buildConfigurations = (
				A42F74C92637AC33003E5AB9 /* Debug */,
				A42F74CA2637AC33003E5AB9 /* Release */,
			);
			defaultConfigurationIsVisible = 0;
			defaultConfigurationName = Release;
		};
		A42F74CB2637AC33003E5AB9 /* Build configuration list for PBXNativeTarget "ECEnabler" */ = {
			isa = XCConfigurationList;
			buildConfigurations = (
				A42F74CC2637AC33003E5AB9 /* Debug */,
				A42F74CD2637AC33003E5AB9 /* Release */,
			);
			defaultConfigurationIsVisible = 0;
			defaultConfigurationName = Release;
		};
/* End XCConfigurationList section */
	};
	rootObject = A42F74B82637AC33003E5AB9 /* Project object */;
}
